{
  "name": "backend",
  "version": "1.0.0",
  "lockfileVersion": 3,
  "requires": true,
  "packages": {
    "": {
      "name": "backend",
      "version": "1.0.0",
      "license": "ISC",
      "dependencies": {
        "bcrypt": "^6.0.0",
        "chalk": "^5.6.2",
        "cookie-parser": "^1.4.7",
        "cors": "^2.8.6",
        "dotenv": "^17.4.2",
        "express": "^5.2.1",
        "jsonwebtoken": "^9.0.3",
        "mongodb": "^7.2.0",
        "mongoose": "^9.6.1",
        "nanoid": "^5.1.11",
        "nodemon": "^3.1.14",
        "pino": "^10.3.1",
        "pino-http": "^11.0.0",
        "pino-pretty": "^13.1.3",
        "uuid": "^14.0.0"
      }
    },
    "../../node_modules/.pnpm/bcrypt@6.0.0/node_modules/bcrypt": {
      "version": "6.0.0",
      "hasInstallScript": true,
      "license": "MIT",
      "dependencies": {
        "node-addon-api": "^8.3.0",
        "node-gyp-build": "^4.8.4"
      },
      "devDependencies": {
        "jest": "^29.7.0",
        "prebuildify": "^6.0.1"
      },
      "engines": {
        "node": ">= 18"
      }
    },
    "../../node_modules/.pnpm/chalk@5.6.2/node_modules/chalk": {
      "version": "5.6.2",
      "license": "MIT",
      "devDependencies": {
        "@types/node": "^16.11.10",
        "ava": "^3.15.0",
        "c8": "^7.10.0",
        "color-convert": "^2.0.1",
        "execa": "^6.0.0",
        "log-update": "^5.0.0",
        "matcha": "^0.7.0",
        "tsd": "^0.19.0",
        "xo": "^0.57.0",
        "yoctodelay": "^2.0.0"
      },
      "engines": {
        "node": "^12.17.0 || ^14.13 || >=16.0.0"
      },
      "funding": {
        "url": "https://github.com/chalk/chalk?sponsor=1"
      }
    },
    "../../node_modules/.pnpm/cors@2.8.6/node_modules/cors": {
      "version": "2.8.6",
      "license": "MIT",
      "dependencies": {
        "object-assign": "^4",
        "vary": "^1"
      },
      "devDependencies": {
        "after": "0.8.2",
        "eslint": "7.30.0",
        "express": "4.21.2",
        "mocha": "9.2.2",
        "nyc": "15.1.0",
        "supertest": "6.1.3"
      },
      "engines": {
        "node": ">= 0.10"
      },
      "funding": {
        "type": "opencollective",
        "url": "https://opencollective.com/express"
      }
    },
    "../../node_modules/.pnpm/dotenv@17.4.2/node_modules/dotenv": {
      "version": "17.4.2",
      "license": "BSD-2-Clause",
      "devDependencies": {
        "@types/node": "^18.11.3",
        "decache": "^4.6.2",
        "sinon": "^14.0.1",
        "standard": "^17.0.0",
        "standard-version": "^9.5.0",
        "tap": "^19.2.0",
        "typescript": "^4.8.4"
      },
      "engines": {
        "node": ">=12"
      },
      "funding": {
        "url": "https://dotenvx.com"
      }
    },
    "../../node_modules/.pnpm/express@5.2.1/node_modules/express": {
      "version": "5.2.1",
      "license": "MIT",
      "dependencies": {
        "accepts": "^2.0.0",
        "body-parser": "^2.2.1",
        "content-disposition": "^1.0.0",
        "content-type": "^1.0.5",
        "cookie": "^0.7.1",
        "cookie-signature": "^1.2.1",
        "debug": "^4.4.0",
        "depd": "^2.0.0",
        "encodeurl": "^2.0.0",
        "escape-html": "^1.0.3",
        "etag": "^1.8.1",
        "finalhandler": "^2.1.0",
        "fresh": "^2.0.0",
        "http-errors": "^2.0.0",
        "merge-descriptors": "^2.0.0",
        "mime-types": "^3.0.0",
        "on-finished": "^2.4.1",
        "once": "^1.4.0",
        "parseurl": "^1.3.3",
        "proxy-addr": "^2.0.7",
        "qs": "^6.14.0",
        "range-parser": "^1.2.1",
        "router": "^2.2.0",
        "send": "^1.1.0",
        "serve-static": "^2.2.0",
        "statuses": "^2.0.1",
        "type-is": "^2.0.1",
        "vary": "^1.1.2"
      },
      "devDependencies": {
        "after": "0.8.2",
        "connect-redis": "^8.0.1",
        "cookie-parser": "1.4.7",
        "cookie-session": "2.1.1",
        "ejs": "^3.1.10",
        "eslint": "8.47.0",
        "express-session": "^1.18.1",
        "hbs": "4.2.0",
        "marked": "^15.0.3",
        "method-override": "3.0.0",
        "mocha": "^10.7.3",
        "morgan": "1.10.1",
        "nyc": "^17.1.0",
        "pbkdf2-password": "1.2.1",
        "supertest": "^6.3.0",
        "vhost": "~3.0.2"
      },
      "engines": {
        "node": ">= 18"
      },
      "funding": {
        "type": "opencollective",
        "url": "https://opencollective.com/express"
      }
    },
    "../../node_modules/.pnpm/jsonwebtoken@9.0.3/node_modules/jsonwebtoken": {
      "version": "9.0.3",
      "license": "MIT",
      "dependencies": {
        "jws": "^4.0.1",
        "lodash.includes": "^4.3.0",
        "lodash.isboolean": "^3.0.3",
        "lodash.isinteger": "^4.0.4",
        "lodash.isnumber": "^3.0.3",
        "lodash.isplainobject": "^4.0.6",
        "lodash.isstring": "^4.0.1",
        "lodash.once": "^4.0.0",
        "ms": "^2.1.1",
        "semver": "^7.5.4"
      },
      "devDependencies": {
        "atob": "^2.1.2",
        "chai": "^4.1.2",
        "conventional-changelog": "~1.1.0",
        "eslint": "^4.19.1",
        "mocha": "^5.2.0",
        "nsp": "^2.6.2",
        "nyc": "^11.9.0",
        "sinon": "^6.0.0"
      },
      "engines": {
        "node": ">=12",
        "npm": ">=6"
      }
    },
    "../../node_modules/.pnpm/mongodb@7.2.0/node_modules/mongodb": {
      "version": "7.2.0",
      "license": "Apache-2.0",
      "dependencies": {
        "@mongodb-js/saslprep": "^1.3.0",
        "bson": "^7.2.0",
        "mongodb-connection-string-url": "^7.0.0"
      },
      "devDependencies": {
        "@aws-sdk/credential-providers": "^3.876.0",
        "@iarna/toml": "^2.2.5",
        "@istanbuljs/nyc-config-typescript": "^1.0.2",
        "@microsoft/api-extractor": "^7.54.0",
        "@microsoft/tsdoc-config": "^0.17.1",
        "@mongodb-js/zstd": "^7.0.0",
        "@types/chai": "^4.3.17",
        "@types/chai-subset": "^1.3.5",
        "@types/express": "^5.0.5",
        "@types/kerberos": "^1.1.5",
        "@types/mocha": "^10.0.9",
        "@types/node": "^22.15.3",
        "@types/saslprep": "^1.0.3",
        "@types/semver": "^7.7.0",
        "@types/sinon": "^17.0.4",
        "@types/sinon-chai": "^4.0.0",
        "@types/whatwg-url": "^13.0.0",
        "@typescript-eslint/eslint-plugin": "^8.46.3",
        "@typescript-eslint/parser": "^8.31.1",
        "aws4": "^1.13.2",
        "chai": "^4.4.1",
        "chai-subset": "^1.6.0",
        "chalk": "^4.1.2",
        "esbuild": "^0.27.2",
        "eslint": "^9.39.1",
        "eslint-config-prettier": "^10.1.8",
        "eslint-plugin-mocha": "^10.4.1",
        "eslint-plugin-prettier": "^5.5.4",
        "eslint-plugin-simple-import-sort": "^12.1.1",
        "eslint-plugin-tsdoc": "^0.4.0",
        "eslint-plugin-unused-imports": "^4.2.0",
        "express": "^5.1.0",
        "gcp-metadata": "^7.0.1",
        "js-yaml": "^4.1.0",
        "mocha": "^11.7.5",
        "mocha-sinon": "^2.1.2",
        "mongodb-client-encryption": "^7.0.0",
        "nyc": "^17.1.0",
        "prettier": "^3.6.2",
        "semver": "^7.7.2",
        "sinon": "^18.0.1",
        "sinon-chai": "^3.7.0",
        "snappy": "^7.3.2",
        "socks": "^2.8.7",
        "source-map-support": "^0.5.21",
        "ts-node": "^10.9.2",
        "tsd": "^0.33.0",
        "typescript": "5.8.3",
        "typescript-cached-transpile": "^0.0.6",
        "v8-heapsnapshot": "^1.3.1",
        "yargs": "^18.0.0"
      },
      "engines": {
        "node": ">=20.19.0"
      },
      "peerDependencies": {
        "@aws-sdk/credential-providers": "^3.806.0",
        "@mongodb-js/zstd": "^7.0.0",
        "gcp-metadata": "^7.0.1",
        "kerberos": "^7.0.0",
        "mongodb-client-encryption": ">=7.0.0 <7.1.0",
        "snappy": "^7.3.2",
        "socks": "^2.8.6"
      },
      "peerDependenciesMeta": {
        "@aws-sdk/credential-providers": {
          "optional": true
        },
        "@mongodb-js/zstd": {
          "optional": true
        },
        "gcp-metadata": {
          "optional": true
        },
        "kerberos": {
          "optional": true
        },
        "mongodb-client-encryption": {
          "optional": true
        },
        "snappy": {
          "optional": true
        },
        "socks": {
          "optional": true
        }
      }
    },
    "../../node_modules/.pnpm/mongoose@9.6.1/node_modules/mongoose": {
      "version": "9.6.1",
      "license": "MIT",
      "dependencies": {
        "kareem": "3.3.0",
        "mongodb": "~7.2",
        "mpath": "0.9.0",
        "mquery": "6.0.0",
        "ms": "2.1.3",
        "sift": "17.1.3"
      },
      "devDependencies": {
        "@ark/attest": "0.56.0",
        "@eslint/js": "^9.39.3",
        "@mongodb-js/mongodb-downloader": "^1.0.0",
        "@types/node": "^18.16.0",
        "acquit": "1.4.0",
        "acquit-ignore": "0.2.2",
        "acquit-require": "0.1.1",
        "ajv": "8.18.0",
        "c8": "11.0.0",
        "cheerio": "1.2.0",
        "dox": "1.0.0",
        "eslint": "10.0.2",
        "eslint-plugin-mocha-no-only": "1.2.0",
        "express": "4.22.1",
        "fs-extra": "~11.3.0",
        "glob": "^13.0.6",
        "globals": "^17.4.0",
        "highlight.js": "11.11.1",
        "linkinator": "7.x",
        "lodash.isequal": "4.5.0",
        "lodash.isequalwith": "4.4.0",
        "markdownlint-cli2": "0.22.0",
        "marked": "17.0.5",
        "mkdirp": "^3.0.1",
        "mocha": "12.0.0-beta-9.2",
        "moment": "2.30.1",
        "mongodb-client-encryption": "~7.0",
        "mongodb-memory-server": "11.0.1",
        "mongodb-runner": "^6.0.0",
        "ncp": "^2.0.0",
        "pug": "3.0.4",
        "sinon": "21.0.3",
        "tstyche": "^7.0.0",
        "typescript": "5.9.3",
        "typescript-eslint": "^8.31.1",
        "uuid": "14.0.0"
      },
      "engines": {
        "node": ">=20.19.0"
      },
      "funding": {
        "type": "opencollective",
        "url": "https://opencollective.com/mongoose"
      }
    },
    "../../node_modules/.pnpm/nanoid@5.1.11/node_modules/nanoid": {
      "version": "5.1.11",
      "funding": [
        {
          "type": "github",
          "url": "https://github.com/sponsors/ai"
        }
      ],
      "license": "MIT",
      "bin": {
        "nanoid": "bin/nanoid.js"
      },
      "engines": {
        "node": "^18 || >=20"
      }
    },
    "../../node_modules/.pnpm/nodemon@3.1.14/node_modules/nodemon": {
      "version": "3.1.14",
      "license": "MIT",
      "dependencies": {
        "chokidar": "^3.5.2",
        "debug": "^4",
        "ignore-by-default": "^1.0.1",
        "minimatch": "^10.2.1",
        "pstree.remy": "^1.1.8",
        "semver": "^7.5.3",
        "simple-update-notifier": "^2.0.0",
        "supports-color": "^5.5.0",
        "touch": "^3.1.0",
        "undefsafe": "^2.0.5"
      },
      "bin": {
        "nodemon": "bin/nodemon.js"
      },
      "devDependencies": {
        "@commitlint/cli": "^11.0.0",
        "@commitlint/config-conventional": "^11.0.0",
        "async": "1.4.2",
        "coffee-script": "~1.7.1",
        "eslint": "^7.32.0",
        "husky": "^7.0.4",
        "mocha": "^2.5.3",
        "nyc": "^15.1.0",
        "proxyquire": "^1.8.0",
        "semantic-release": "^25.0.0",
        "should": "~4.0.0"
      },
      "engines": {
        "node": ">=10"
      },
      "funding": {
        "type": "opencollective",
        "url": "https://opencollective.com/nodemon"
      }
    },
    "../../node_modules/.pnpm/pino-http@11.0.0/node_modules/pino-http": {
      "version": "11.0.0",
      "license": "MIT",
      "dependencies": {
        "get-caller-file": "^2.0.5",
        "pino": "^10.0.0",
        "pino-std-serializers": "^7.0.0",
        "process-warning": "^5.0.0"
      },
      "devDependencies": {
        "@matteo.collina/tspl": "^0.2.0",
        "@types/node": "^24.0.3",
        "autocannon": "^8.0.0",
        "c8": "^10.1.3",
        "coveralls": "^3.0.0",
        "http-ndjson": "^3.1.0",
        "pino-http-print": "^3.1.0",
        "pino-pretty": "^13.0.0",
        "split2": "^4.0.0",
        "standard": "^17.0.0",
        "ts-node": "^10.3.0",
        "tsd": "^0.33.0",
        "typescript": "~5.9.2"
      }
    },
    "../../node_modules/.pnpm/pino-pretty@13.1.3/node_modules/pino-pretty": {
      "version": "13.1.3",
      "license": "MIT",
      "dependencies": {
        "colorette": "^2.0.7",
        "dateformat": "^4.6.3",
        "fast-copy": "^4.0.0",
        "fast-safe-stringify": "^2.1.1",
        "help-me": "^5.0.0",
        "joycon": "^3.1.1",
        "minimist": "^1.2.6",
        "on-exit-leak-free": "^2.1.0",
        "pino-abstract-transport": "^3.0.0",
        "pump": "^3.0.0",
        "secure-json-parse": "^4.0.0",
        "sonic-boom": "^4.0.1",
        "strip-json-comments": "^5.0.2"
      },
      "bin": {
        "pino-pretty": "bin.js"
      },
      "devDependencies": {
        "@arethetypeswrong/cli": "^0.18.1",
        "@jsumners/assert-match": "^1.0.0",
        "@jsumners/line-reporter": "^1.0.1",
        "@types/node": "^24.0.8",
        "borp": "^0.21.0",
        "eslint": "^9.37.0",
        "fastbench": "^1.0.1",
        "neostandard": "^0.12.2",
        "pino": "^10.1.0",
        "rimraf": "^6.0.1",
        "semver": "^7.6.0",
        "tap": "^16.0.0",
        "tsd": "^0.33.0",
        "typescript": "~5.9.2"
      }
    },
    "../../node_modules/.pnpm/pino@10.3.1/node_modules/pino": {
      "version": "10.3.1",
      "license": "MIT",
      "dependencies": {
        "@pinojs/redact": "^0.4.0",
        "atomic-sleep": "^1.0.0",
        "on-exit-leak-free": "^2.1.0",
        "pino-abstract-transport": "^3.0.0",
        "pino-std-serializers": "^7.0.0",
        "process-warning": "^5.0.0",
        "quick-format-unescaped": "^4.0.3",
        "real-require": "^0.2.0",
        "safe-stable-stringify": "^2.3.1",
        "sonic-boom": "^4.0.1",
        "thread-stream": "^4.0.0"
      },
      "bin": {
        "pino": "bin.js"
      },
      "devDependencies": {
        "@arethetypeswrong/cli": "^0.18.1",
        "@matteo.collina/tspl": "^0.2.0",
        "@types/flush-write-stream": "^1.0.0",
        "@types/node": "^25.0.3",
        "airtap": "5.0.0",
        "bole": "^5.0.5",
        "borp": "^0.21.0",
        "bunyan": "^1.8.14",
        "debug": "^4.3.4",
        "docsify-cli": "^4.4.4",
        "eslint": "^9.37.0",
        "eslint-plugin-import": "^2.26.0",
        "eslint-plugin-n": "17.23.2",
        "eslint-plugin-node": "^11.1.0",
        "eslint-plugin-promise": "^6.0.0",
        "execa": "^5.0.0",
        "fastbench": "^1.0.1",
        "flush-write-stream": "^2.0.0",
        "import-fresh": "^3.2.1",
        "jest": "^30.0.3",
        "log": "^6.0.0",
        "loglevel": "^1.6.7",
        "midnight-smoker": "1.1.1",
        "neostandard": "^0.12.2",
        "pino-pretty": "^13.0.0",
        "pre-commit": "^1.2.2",
        "proxyquire": "^2.1.3",
        "pump": "^3.0.0",
        "rimraf": "^6.0.1",
        "semver": "^7.3.7",
        "split2": "^4.0.0",
        "steed": "^1.1.3",
        "strip-ansi": "^6.0.0",
        "tape": "^5.5.3",
        "through2": "^4.0.0",
        "ts-node": "^10.9.1",
        "tsd": "^0.33.0",
        "typescript": "~5.9.2",
        "winston": "^3.7.2"
      }
    },
    "../../node_modules/.pnpm/uuid@14.0.0/node_modules/uuid": {
      "version": "14.0.0",
      "funding": [
        "https://github.com/sponsors/broofa",
        "https://github.com/sponsors/ctavan"
      ],
      "license": "MIT",
      "bin": {
        "uuid": "dist-node/bin/uuid"
      },
      "devDependencies": {
        "@biomejs/biome": "2.4.10",
        "@commitlint/cli": "20.5.0",
        "@commitlint/config-conventional": "20.5.0",
        "bundlewatch": "0.4.1",
        "commander": "14.0.3",
        "globals": "17.4.0",
        "husky": "9.1.7",
        "jest": "30.3.0",
        "lint-staged": "16.4.0",
        "neostandard": "0.13.0",
        "npm-run-all2": "8.0.4",
        "release-please": "17.3.0",
        "runmd": "1.4.1",
        "standard-version": "9.5.0",
        "typescript": "5.4.3"
      }
    },
    "node_modules/bcrypt": {
      "resolved": "../../node_modules/.pnpm/bcrypt@6.0.0/node_modules/bcrypt",
      "link": true
    },
    "node_modules/chalk": {
      "resolved": "../../node_modules/.pnpm/chalk@5.6.2/node_modules/chalk",
      "link": true
    },
    "node_modules/cookie": {
      "version": "0.7.2",
      "resolved": "https://registry.npmjs.org/cookie/-/cookie-0.7.2.tgz",
      "integrity": "sha512-yki5XnKuf750l50uGTllt6kKILY4nQ1eNIQatoXEByZ5dWgnKqbnqmTrBE5B4N7lrMJKQ2ytWMiTO2o0v6Ew/w==",
      "license": "MIT",
      "engines": {
        "node": ">= 0.6"
      }
    },
    "node_modules/cookie-parser": {
      "version": "1.4.7",
      "resolved": "https://registry.npmjs.org/cookie-parser/-/cookie-parser-1.4.7.tgz",
      "integrity": "sha512-nGUvgXnotP3BsjiLX2ypbQnWoGUPIIfHQNZkkC668ntrzGWEZVW70HDEB1qnNGMicPje6EttlIgzo51YSwNQGw==",
      "license": "MIT",
      "dependencies": {
        "cookie": "0.7.2",
        "cookie-signature": "1.0.6"
      },
      "engines": {
        "node": ">= 0.8.0"
      }
    },
    "node_modules/cookie-signature": {
      "version": "1.0.6",
      "resolved": "https://registry.npmjs.org/cookie-signature/-/cookie-signature-1.0.6.tgz",
      "integrity": "sha512-QADzlaHc8icV8I7vbaJXJwod9HWYp8uCqf1xa4OfNu1T7JVxQIrUgOWtHdNDtPiywmFbiS12VjotIXLrKM3orQ==",
      "license": "MIT"
    },
    "node_modules/cors": {
      "resolved": "../../node_modules/.pnpm/cors@2.8.6/node_modules/cors",
      "link": true
    },
    "node_modules/dotenv": {
      "resolved": "../../node_modules/.pnpm/dotenv@17.4.2/node_modules/dotenv",
      "link": true
    },
    "node_modules/express": {
      "resolved": "../../node_modules/.pnpm/express@5.2.1/node_modules/express",
      "link": true
    },
    "node_modules/jsonwebtoken": {
      "resolved": "../../node_modules/.pnpm/jsonwebtoken@9.0.3/node_modules/jsonwebtoken",
      "link": true
    },
    "node_modules/mongodb": {
      "resolved": "../../node_modules/.pnpm/mongodb@7.2.0/node_modules/mongodb",
      "link": true
    },
    "node_modules/mongoose": {
      "resolved": "../../node_modules/.pnpm/mongoose@9.6.1/node_modules/mongoose",
      "link": true
    },
    "node_modules/nanoid": {
      "resolved": "../../node_modules/.pnpm/nanoid@5.1.11/node_modules/nanoid",
      "link": true
    },
    "node_modules/nodemon": {
      "resolved": "../../node_modules/.pnpm/nodemon@3.1.14/node_modules/nodemon",
      "link": true
    },
    "node_modules/pino": {
      "resolved": "../../node_modules/.pnpm/pino@10.3.1/node_modules/pino",
      "link": true
    },
    "node_modules/pino-http": {
      "resolved": "../../node_modules/.pnpm/pino-http@11.0.0/node_modules/pino-http",
      "link": true
    },
    "node_modules/pino-pretty": {
      "resolved": "../../node_modules/.pnpm/pino-pretty@13.1.3/node_modules/pino-pretty",
      "link": true
    },
    "node_modules/uuid": {
      "resolved": "../../node_modules/.pnpm/uuid@14.0.0/node_modules/uuid",
      "link": true
    }
  }
}
